
Microsoft Visual Studio Solution File, Format Version 12.00
# Visual Studio Version 17
VisualStudioVersion = 17.9.34622.214
MinimumVisualStudioVersion = 10.0.40219.1
Project("{FAE04EC0-301F-11D3-BF4B-00C04F79EFBC}") = "MusicStoreExamPro", "MusicStoreExamPro\MusicStoreExamPro.csproj", "{37308F76-E361-4990-B742-B2C6FF94B33C}"
EndProject
Project("{FAE04EC0-301F-11D3-BF4B-00C04F79EFBC}") = "BLL", "BLL\BLL.csproj", "{11866020-51D0-43D0-8CFA-36BD9ACABFE3}"
EndProject
Project("{FAE04EC0-301F-11D3-BF4B-00C04F79EFBC}") = "DAL", "DAL\DAL.csproj", "{4363D084-7E8E-4549-951B-F0366A3EFFD5}"
EndProject
Global
	GlobalSection(SolutionConfigurationPlatforms) = preSolution
		Debug|Any CPU = Debug|Any CPU
		Release|Any CPU = Release|Any CPU
	EndGlobalSection
	GlobalSection(ProjectConfigurationPlatforms) = postSolution
		{37308F76-E361-4990-B742-B2C6FF94B33C}.Debug|Any CPU.ActiveCfg = Debug|Any CPU
		{37308F76-E361-4990-B742-B2C6FF94B33C}.Debug|Any CPU.Build.0 = Debug|Any CPU
		{37308F76-E361-4990-B742-B2C6FF94B33C}.Release|Any CPU.ActiveCfg = Release|Any CPU
		{37308F76-E361-4990-B742-B2C6FF94B33C}.Release|Any CPU.Build.0 = Release|Any CPU
		{11866020-51D0-43D0-8CFA-36BD9ACABFE3}.Debug|Any CPU.ActiveCfg = Debug|Any CPU
		{11866020-51D0-43D0-8CFA-36BD9ACABFE3}.Debug|Any CPU.Build.0 = Debug|Any CPU
		{11866020-51D0-43D0-8CFA-36BD9ACABFE3}.Release|Any CPU.ActiveCfg = Release|Any CPU
		{11866020-51D0-43D0-8CFA-36BD9ACABFE3}.Release|Any CPU.Build.0 = Release|Any CPU
		{4363D084-7E8E-4549-951B-F0366A3EFFD5}.Debug|Any CPU.ActiveCfg = Debug|Any CPU
		{4363D084-7E8E-4549-951B-F0366A3EFFD5}.Debug|Any CPU.Build.0 = Debug|Any CPU
		{4363D084-7E8E-4549-951B-F0366A3EFFD5}.Release|Any CPU.ActiveCfg = Release|Any CPU
		{4363D084-7E8E-4549-951B-F0366A3EFFD5}.Release|Any CPU.Build.0 = Release|Any CPU
	EndGlobalSection
	GlobalSection(SolutionProperties) = preSolution
		HideSolutionNode = FALSE
	EndGlobalSection
	GlobalSection(ExtensibilityGlobals) = postSolution
		SolutionGuid = {4F6C06B5-4515-4C19-A13A-CBCE495D0E29}
	EndGlobalSection
EndGlobal
